// !$*UTF8*$!
{
	archiveVersion = 1;
	classes = {
	};
	objectVersion = 46;
	objects = {

/* Begin PBXBuildFile section */
		4167CB5D1B77EFF20020422F /* main.m in Sources */ = {isa = PBXBuildFile; fileRef = 4167CB5C1B77EFF20020422F /* main.m */; };
		4167CB601B77EFF20020422F /* AppDelegate.m in Sources */ = {isa = PBXBuildFile; fileRef = 4167CB5F1B77EFF20020422F /* AppDelegate.m */; };
		4167CB631B77EFF20020422F /* ToDoList.xcdatamodeld in Sources */ = {isa = PBXBuildFile; fileRef = 4167CB611B77EFF20020422F /* ToDoList.xcdatamodeld */; };
		4167CB691B77EFF20020422F /* Main.storyboard in Resources */ = {isa = PBXBuildFile; fileRef = 4167CB671B77EFF20020422F /* Main.storyboard */; };
		4167CB6B1B77EFF20020422F /* Images.xcassets in Resources */ = {isa = PBXBuildFile; fileRef = 4167CB6A1B77EFF20020422F /* Images.xcassets */; };
		4167CB6E1B77EFF20020422F /* LaunchScreen.xib in Resources */ = {isa = PBXBuildFile; fileRef = 4167CB6C1B77EFF20020422F /* LaunchScreen.xib */; };
		4167CB7A1B77EFF20020422F /* ToDoListTests.m in Sources */ = {isa = PBXBuildFile; fileRef = 4167CB791B77EFF20020422F /* ToDoListTests.m */; };
		4167CB851B77F2620020422F /* ToDoItem.m in Sources */ = {isa = PBXBuildFile; fileRef = 4167CB841B77F2620020422F /* ToDoItem.m */; };
		4167CB8E1B78053F0020422F /* AddToDoItemViewController.m in Sources */ = {isa = PBXBuildFile; fileRef = 4167CB8D1B78053F0020422F /* AddToDoItemViewController.m */; };
		4167CB911B781B560020422F /* TodoListTableViewController.m in Sources */ = {isa = PBXBuildFile; fileRef = 4167CB901B781B560020422F /* TodoListTableViewController.m */; };
/* End PBXBuildFile section */

/* Begin PBXContainerItemProxy section */
		4167CB741B77EFF20020422F /* PBXContainerItemProxy */ = {
			isa = PBXContainerItemProxy;
			containerPortal = 4167CB4F1B77EFF20020422F /* Project object */;
			proxyType = 1;
			remoteGlobalIDString = 4167CB561B77EFF20020422F;
			remoteInfo = ToDoList;
		};
/* End PBXContainerItemProxy section */

/* Begin PBXFileReference section */
		4167CB571B77EFF20020422F /* ToDoList.app */ = {isa = PBXFileReference; explicitFileType = wrapper.application; includeInIndex = 0; path = ToDoList.app; sourceTree = BUILT_PRODUCTS_DIR; };
		4167CB5B1B77EFF20020422F /* Info.plist */ = {isa = PBXFileReference; lastKnownFileType = text.plist.xml; path = Info.plist; sourceTree = "<group>"; };
		4167CB5C1B77EFF20020422F /* main.m */ = {isa = PBXFileReference; lastKnownFileType = sourcecode.c.objc; path = main.m; sourceTree = "<group>"; };
		4167CB5E1B77EFF20020422F /* AppDelegate.h */ = {isa = PBXFileReference; lastKnownFileType = sourcecode.c.h; path = AppDelegate.h; sourceTree = "<group>"; };
		4167CB5F1B77EFF20020422F /* AppDelegate.m */ = {isa = PBXFileReference; lastKnownFileType = sourcecode.c.objc; path = AppDelegate.m; sourceTree = "<group>"; };
		4167CB621B77EFF20020422F /* ToDoList.xcdatamodel */ = {isa = PBXFileReference; lastKnownFileType = wrapper.xcdatamodel; path = ToDoList.xcdatamodel; sourceTree = "<group>"; };
		4167CB681B77EFF20020422F /* Base */ = {isa = PBXFileReference; lastKnownFileType = file.storyboard; name = Base; path = Base.lproj/Main.storyboard; sourceTree = "<group>"; };
		4167CB6A1B77EFF20020422F /* Images.xcassets */ = {isa = PBXFileReference; lastKnownFileType = folder.assetcatalog; path = Images.xcassets; sourceTree = "<group>"; };
		4167CB6D1B77EFF20020422F /* Base */ = {isa = PBXFileReference; lastKnownFileType = file.xib; name = Base; path = Base.lproj/LaunchScreen.xib; sourceTree = "<group>"; };
		4167CB731B77EFF20020422F /* ToDoListTests.xctest */ = {isa = PBXFileReference; explicitFileType = wrapper.cfbundle; includeInIndex = 0; path = ToDoListTests.xctest; sourceTree = BUILT_PRODUCTS_DIR; };
		4167CB781B77EFF20020422F /* Info.plist */ = {isa = PBXFileReference; lastKnownFileType = text.plist.xml; path = Info.plist; sourceTree = "<group>"; };
		4167CB791B77EFF20020422F /* ToDoListTests.m */ = {isa = PBXFileReference; lastKnownFileType = sourcecode.c.objc; path = ToDoListTests.m; sourceTree = "<group>"; };
		4167CB831B77F2620020422F /* ToDoItem.h */ = {isa = PBXFileReference; fileEncoding = 4; lastKnownFileType = sourcecode.c.h; path = ToDoItem.h; sourceTree = "<group>"; };
		4167CB841B77F2620020422F /* ToDoItem.m */ = {isa = PBXFileReference; fileEncoding = 4; lastKnownFileType = sourcecode.c.objc; path = ToDoItem.m; sourceTree = "<group>"; };
		4167CB8C1B78053F0020422F /* AddToDoItemViewController.h */ = {isa = PBXFileReference; fileEncoding = 4; lastKnownFileType = sourcecode.c.h; name = AddToDoItemViewController.h; path = ../AddToDoItemViewController.h; sourceTree = "<group>"; };
		4167CB8D1B78053F0020422F /* AddToDoItemViewController.m */ = {isa = PBXFileReference; fileEncoding = 4; lastKnownFileType = sourcecode.c.objc; name = AddToDoItemViewController.m; path = ../AddToDoItemViewController.m; sourceTree = "<group>"; };
		4167CB8F1B781B560020422F /* TodoListTableViewController.h */ = {isa = PBXFileReference; fileEncoding = 4; lastKnownFileType = sourcecode.c.h; path = TodoListTableViewController.h; sourceTree = "<group>"; };
		4167CB901B781B560020422F /* TodoListTableViewController.m */ = {isa = PBXFileReference; fileEncoding = 4; lastKnownFileType = sourcecode.c.objc; path = TodoListTableViewController.m; sourceTree = "<group>"; };
/* End PBXFileReference section */

/* Begin PBXFrameworksBuildPhase section */
		4167CB541B77EFF20020422F /* Frameworks */ = {
			isa = PBXFrameworksBuildPhase;
			buildActionMask = 2147483647;
			files = (
			);
			runOnlyForDeploymentPostprocessing = 0;
		};
		4167CB701B77EFF20020422F /* Frameworks */ = {
			isa = PBXFrameworksBuildPhase;
			buildActionMask = 2147483647;
			files = (
			);
			runOnlyForDeploymentPostprocessing = 0;
		};
/* End PBXFrameworksBuildPhase section */

/* Begin PBXGroup section */
		4167CB4E1B77EFF20020422F = {
			isa = PBXGroup;
			children = (
				4167CB591B77EFF20020422F /* ToDoList */,
				4167CB761B77EFF20020422F /* ToDoListTests */,
				4167CB581B77EFF20020422F /* Products */,
			);
			sourceTree = "<group>";
		};
		4167CB581B77EFF20020422F /* Products */ = {
			isa = PBXGroup;
			children = (
				4167CB571B77EFF20020422F /* ToDoList.app */,
				4167CB731B77EFF20020422F /* ToDoListTests.xctest */,
			);
			name = Products;
			sourceTree = "<group>";
		};
		4167CB591B77EFF20020422F /* ToDoList */ = {
			isa = PBXGroup;
			children = (
				4167CB8F1B781B560020422F /* TodoListTableViewController.h */,
				4167CB901B781B560020422F /* TodoListTableViewController.m */,
				4167CB5E1B77EFF20020422F /* AppDelegate.h */,
				4167CB5F1B77EFF20020422F /* AppDelegate.m */,
				4167CB831B77F2620020422F /* ToDoItem.h */,
				4167CB841B77F2620020422F /* ToDoItem.m */,
				4167CB8C1B78053F0020422F /* AddToDoItemViewController.h */,
				4167CB8D1B78053F0020422F /* AddToDoItemViewController.m */,
				4167CB671B77EFF20020422F /* Main.storyboard */,
				4167CB6A1B77EFF20020422F /* Images.xcassets */,
				4167CB6C1B77EFF20020422F /* LaunchScreen.xib */,
				4167CB611B77EFF20020422F /* ToDoList.xcdatamodeld */,
				4167CB5A1B77EFF20020422F /* Supporting Files */,
			);
			path = ToDoList;
			sourceTree = "<group>";
		};
		4167CB5A1B77EFF20020422F /* Supporting Files */ = {
			isa = PBXGroup;
			children = (
				4167CB5B1B77EFF20020422F /* Info.plist */,
				4167CB5C1B77EFF20020422F /* main.m */,
			);
			name = "Supporting Files";
			sourceTree = "<group>";
		};
		4167CB761B77EFF20020422F /* ToDoListTests */ = {
			isa = PBXGroup;
			children = (
				4167CB791B77EFF20020422F /* ToDoListTests.m */,
				4167CB771B77EFF20020422F /* Supporting Files */,
			);
			path = ToDoListTests;
			sourceTree = "<group>";
		};
		4167CB771B77EFF20020422F /* Supporting Files */ = {
			isa = PBXGroup;
			children = (
				4167CB781B77EFF20020422F /* Info.plist */,
			);
			name = "Supporting Files";
			sourceTree = "<group>";
		};
/* End PBXGroup section */

/* Begin PBXNativeTarget section */
		4167CB561B77EFF20020422F /* ToDoList */ = {
			isa = PBXNativeTarget;
			buildConfigurationList = 4167CB7D1B77EFF20020422F /* Build configuration list for PBXNativeTarget "ToDoList" */;
			buildPhases = (
				4167CB531B77EFF20020422F /* Sources */,
				4167CB541B77EFF20020422F /* Frameworks */,
				4167CB551B77EFF20020422F /* Resources */,
			);
			buildRules = (
			);
			dependencies = (
			);
			name = ToDoList;
			productName = ToDoList;
			productReference = 4167CB571B77EFF20020422F /* ToDoList.app */;
			productType = "com.apple.product-type.application";
		};
		4167CB721B77EFF20020422F /* ToDoListTests */ = {
			isa = PBXNativeTarget;
			buildConfigurationList = 4167CB801B77EFF20020422F /* Build configuration list for PBXNativeTarget "ToDoListTests" */;
			buildPhases = (
				4167CB6F1B77EFF20020422F /* Sources */,
				4167CB701B77EFF20020422F /* Frameworks */,
				4167CB711B77EFF20020422F /* Resources */,
			);
			buildRules = (
			);
			dependencies = (
				4167CB751B77EFF20020422F /* PBXTargetDependency */,
			);
			name = ToDoListTests;
			productName = ToDoListTests;
			productReference = 4167CB731B77EFF20020422F /* ToDoListTests.xctest */;
			productType = "com.apple.product-type.bundle.unit-test";
		};
/* End PBXNativeTarget section */

/* Begin PBXProject section */
		4167CB4F1B77EFF20020422F /* Project object */ = {
			isa = PBXProject;
			attributes = {
				LastUpgradeCheck = 0640;
				ORGANIZATIONNAME = aco_development;
				TargetAttributes = {
					4167CB561B77EFF20020422F = {
						CreatedOnToolsVersion = 6.4;
					};
					4167CB721B77EFF20020422F = {
						CreatedOnToolsVersion = 6.4;
						TestTargetID = 4167CB561B77EFF20020422F;
					};
				};
			};
			buildConfigurationList = 4167CB521B77EFF20020422F /* Build configuration list for PBXProject "ToDoList" */;
			compatibilityVersion = "Xcode 3.2";
			developmentRegion = English;
			hasScannedForEncodings = 0;
			knownRegions = (
				en,
				Base,
			);
			mainGroup = 4167CB4E1B77EFF20020422F;
			productRefGroup = 4167CB581B77EFF20020422F /* Products */;
			projectDirPath = "";
			projectRoot = "";
			targets = (
				4167CB561B77EFF20020422F /* ToDoList */,
				4167CB721B77EFF20020422F /* ToDoListTests */,
			);
		};
/* End PBXProject section */

/* Begin PBXResourcesBuildPhase section */
		4167CB551B77EFF20020422F /* Resources */ = {
			isa = PBXResourcesBuildPhase;
			buildActionMask = 2147483647;
			files = (
				4167CB691B77EFF20020422F /* Main.storyboard in Resources */,
				4167CB6E1B77EFF20020422F /* LaunchScreen.xib in Resources */,
				4167CB6B1B77EFF20020422F /* Images.xcassets in Resources */,
			);
			runOnlyForDeploymentPostprocessing = 0;
		};
		4167CB711B77EFF20020422F /* Resources */ = {
			isa = PBXResourcesBuildPhase;
			buildActionMask = 2147483647;
			files = (
			);
			runOnlyForDeploymentPostprocessing = 0;
		};
/* End PBXResourcesBuildPhase section */

/* Begin PBXSourcesBuildPhase section */
		4167CB531B77EFF20020422F /* Sources */ = {
			isa = PBXSourcesBuildPhase;
			buildActionMask = 2147483647;
			files = (
				4167CB601B77EFF20020422F /* AppDelegate.m in Sources */,
				4167CB851B77F2620020422F /* ToDoItem.m in Sources */,
				4167CB631B77EFF20020422F /* ToDoList.xcdatamodeld in Sources */,
				4167CB5D1B77EFF20020422F /* main.m in Sources */,
				4167CB8E1B78053F0020422F /* AddToDoItemViewController.m in Sources */,
				4167CB911B781B560020422F /* TodoListTableViewController.m in Sources */,
			);
			runOnlyForDeploymentPostprocessing = 0;
		};
		4167CB6F1B77EFF20020422F /* Sources */ = {
			isa = PBXSourcesBuildPhase;
			buildActionMask = 2147483647;
			files = (
				4167CB7A1B77EFF20020422F /* ToDoListTests.m in Sources */,
			);
			runOnlyForDeploymentPostprocessing = 0;
		};
/* End PBXSourcesBuildPhase section */

/* Begin PBXTargetDependency section */
		4167CB751B77EFF20020422F /* PBXTargetDependency */ = {
			isa = PBXTargetDependency;
			target = 4167CB561B77EFF20020422F /* ToDoList */;
			targetProxy = 4167CB741B77EFF20020422F /* PBXContainerItemProxy */;
		};
/* End PBXTargetDependency section */

/* Begin PBXVariantGroup section */
		4167CB671B77EFF20020422F /* Main.storyboard */ = {
			isa = PBXVariantGroup;
			children = (
				4167CB681B77EFF20020422F /* Base */,
			);
			name = Main.storyboard;
			sourceTree = "<group>";
		};
		4167CB6C1B77EFF20020422F /* LaunchScreen.xib */ = {
			isa = PBXVariantGroup;
			children = (
				4167CB6D1B77EFF20020422F /* Base */,
			);
			name = LaunchScreen.xib;
			sourceTree = "<group>";
		};
/* End PBXVariantGroup section */

/* Begin XCBuildConfiguration section */
		4167CB7B1B77EFF20020422F /* Debug */ = {
			isa = XCBuildConfiguration;
			buildSettings = {
				ALWAYS_SEARCH_USER_PATHS = NO;
				CLANG_CXX_LANGUAGE_STANDARD = "gnu++0x";
				CLANG_CXX_LIBRARY = "libc++";
				CLANG_ENABLE_MODULES = YES;
				CLANG_ENABLE_OBJC_ARC = YES;
				CLANG_WARN_BOOL_CONVERSION = YES;
				CLANG_WARN_CONSTANT_CONVERSION = YES;
				CLANG_WARN_DIRECT_OBJC_ISA_USAGE = YES_ERROR;
				CLANG_WARN_EMPTY_BODY = YES;
				CLANG_WARN_ENUM_CONVERSION = YES;
				CLANG_WARN_INT_CONVERSION = YES;
				CLANG_WARN_OBJC_ROOT_CLASS = YES_ERROR;
				CLANG_WARN_UNREACHABLE_CODE = YES;
				CLANG_WARN__DUPLICATE_METHOD_MATCH = YES;
				"CODE_SIGN_IDENTITY[sdk=iphoneos*]" = "iPhone Developer";
				COPY_PHASE_STRIP = NO;
				DEBUG_INFORMATION_FORMAT = "dwarf-with-dsym";
				ENABLE_STRICT_OBJC_MSGSEND = YES;
				GCC_C_LANGUAGE_STANDARD = gnu99;
				GCC_DYNAMIC_NO_PIC = NO;
				GCC_NO_COMMON_BLOCKS = YES;
				GCC_OPTIMIZATION_LEVEL = 0;
				GCC_PREPROCESSOR_DEFINITIONS = (
					"DEBUG=1",
					"$(inherited)",
				);
				GCC_SYMBOLS_PRIVATE_EXTERN = NO;
				GCC_WARN_64_TO_32_BIT_CONVERSION = YES;
				GCC_WARN_ABOUT_RETURN_TYPE = YES_ERROR;
				GCC_WARN_UNDECLARED_SELECTOR = YES;
				GCC_WARN_UNINITIALIZED_AUTOS = YES_AGGRESSIVE;
				GCC_WARN_UNUSED_FUNCTION = YES;
				GCC_WARN_UNUSED_VARIABLE = YES;
				IPHONEOS_DEPLOYMENT_TARGET = 8.4;
				MTL_ENABLE_DEBUG_INFO = YES;
				ONLY_ACTIVE_ARCH = YES;
				SDKROOT = iphoneos;
			};
			name = Debug;
		};
		4167CB7C1B77EFF20020422F /* Release */ = {
			isa = XCBuildConfiguration;
			buildSettings = {
				ALWAYS_SEARCH_USER_PATHS = NO;
				CLANG_CXX_LANGUAGE_STANDARD = "gnu++0x";
				CLANG_CXX_LIBRARY = "libc++";
				CLANG_ENABLE_MODULES = YES;
				CLANG_ENABLE_OBJC_ARC = YES;
				CLANG_WARN_BOOL_CONVERSION = YES;
				CLANG_WARN_CONSTANT_CONVERSION = YES;
				CLANG_WARN_DIRECT_OBJC_ISA_USAGE = YES_ERROR;
				CLANG_WARN_EMPTY_BODY = YES;
				CLANG_WARN_ENUM_CONVERSION = YES;
				CLANG_WARN_INT_CONVERSION = YES;
				CLANG_WARN_OBJC_ROOT_CLASS = YES_ERROR;
				CLANG_WARN_UNREACHABLE_CODE = YES;
				CLANG_WARN__DUPLICATE_METHOD_MATCH = YES;
				"CODE_SIGN_IDENTITY[sdk=iphoneos*]" = "iPhone Developer";
				COPY_PHASE_STRIP = NO;
				DEBUG_INFORMATION_FORMAT = "dwarf-with-dsym";
				ENABLE_NS_ASSERTIONS = NO;
				ENABLE_STRICT_OBJC_MSGSEND = YES;
				GCC_C_LANGUAGE_STANDARD = gnu99;
				GCC_NO_COMMON_BLOCKS = YES;
				GCC_WARN_64_TO_32_BIT_CONVERSION = YES;
				GCC_WARN_ABOUT_RETURN_TYPE = YES_ERROR;
				GCC_WARN_UNDECLARED_SELECTOR = YES;
				GCC_WARN_UNINITIALIZED_AUTOS = YES_AGGRESSIVE;
				GCC_WARN_UNUSED_FUNCTION = YES;
				GCC_WARN_UNUSED_VARIABLE = YES;
				IPHONEOS_DEPLOYMENT_TARGET = 8.4;
				MTL_ENABLE_DEBUG_INFO = NO;
				SDKROOT = iphoneos;
				VALIDATE_PRODUCT = YES;
			};
			name = Release;
		};
		4167CB7E1B77EFF20020422F /* Debug */ = {
			isa = XCBuildConfiguration;
			buildSettings = {
				ASSETCATALOG_COMPILER_APPICON_NAME = AppIcon;
				INFOPLIST_FILE = ToDoList/Info.plist;
				LD_RUNPATH_SEARCH_PATHS = "$(inherited) @executable_path/Frameworks";
				PRODUCT_NAME = "$(TARGET_NAME)";
			};
			name = Debug;
		};
		4167CB7F1B77EFF20020422F /* Release */ = {
			isa = XCBuildConfiguration;
			buildSettings = {
				ASSETCATALOG_COMPILER_APPICON_NAME = AppIcon;
				INFOPLIST_FILE = ToDoList/Info.plist;
				LD_RUNPATH_SEARCH_PATHS = "$(inherited) @executable_path/Frameworks";
				PRODUCT_NAME = "$(TARGET_NAME)";
			};
			name = Release;
		};
		4167CB811B77EFF20020422F /* Debug */ = {
			isa = XCBuildConfiguration;
			buildSettings = {
				BUNDLE_LOADER = "$(TEST_HOST)";
				FRAMEWORK_SEARCH_PATHS = (
					"$(SDKROOT)/Developer/Library/Frameworks",
					"$(inherited)",
				);
				GCC_PREPROCESSOR_DEFINITIONS = (
					"DEBUG=1",
					"$(inherited)",
				);
				INFOPLIST_FILE = ToDoListTests/Info.plist;
				LD_RUNPATH_SEARCH_PATHS = "$(inherited) @executable_path/Frameworks @loader_path/Frameworks";
				PRODUCT_NAME = "$(TARGET_NAME)";
				TEST_HOST = "$(BUILT_PRODUCTS_DIR)/ToDoList.app/ToDoList";
			};
			name = Debug;
		};
		4167CB821B77EFF20020422F /* Release */ = {
			isa = XCBuildConfiguration;
			buildSettings = {
				BUNDLE_LOADER = "$(TEST_HOST)";
				FRAMEWORK_SEARCH_PATHS = (
					"$(SDKROOT)/Developer/Library/Frameworks",
					"$(inherited)",
				);
				INFOPLIST_FILE = ToDoListTests/Info.plist;
				LD_RUNPATH_SEARCH_PATHS = "$(inherited) @executable_path/Frameworks @loader_path/Frameworks";
				PRODUCT_NAME = "$(TARGET_NAME)";
				TEST_HOST = "$(BUILT_PRODUCTS_DIR)/ToDoList.app/ToDoList";
			};
			name = Release;
		};
/* End XCBuildConfiguration section */

/* Begin XCConfigurationList section */
		4167CB521B77EFF20020422F /* Build configuration list for PBXProject "ToDoList" */ = {
			isa = XCConfigurationList;
			buildConfigurations = (
				4167CB7B1B77EFF20020422F /* Debug */,
				4167CB7C1B77EFF20020422F /* Release */,
			);
			defaultConfigurationIsVisible = 0;
			defaultConfigurationName = Release;
		};
		4167CB7D1B77EFF20020422F /* Build configuration list for PBXNativeTarget "ToDoList" */ = {
			isa = XCConfigurationList;
			buildConfigurations = (
				4167CB7E1B77EFF20020422F /* Debug */,
				4167CB7F1B77EFF20020422F /* Release */,
			);
			defaultConfigurationIsVisible = 0;
			defaultConfigurationName = Release;
		};
		4167CB801B77EFF20020422F /* Build configuration list for PBXNativeTarget "ToDoListTests" */ = {
			isa = XCConfigurationList;
			buildConfigurations = (
				4167CB811B77EFF20020422F /* Debug */,
				4167CB821B77EFF20020422F /* Release */,
			);
			defaultConfigurationIsVisible = 0;
			defaultConfigurationName = Release;
		};
/* End XCConfigurationList section */

/* Begin XCVersionGroup section */
		4167CB611B77EFF20020422F /* ToDoList.xcdatamodeld */ = {
			isa = XCVersionGroup;
			children = (
				4167CB621B77EFF20020422F /* ToDoList.xcdatamodel */,
			);
			currentVersion = 4167CB621B77EFF20020422F /* ToDoList.xcdatamodel */;
			path = ToDoList.xcdatamodeld;
			sourceTree = "<group>";
			versionGroupType = wrapper.xcdatamodel;
		};
/* End XCVersionGroup section */
	};
	rootObject = 4167CB4F1B77EFF20020422F /* Project object */;
}
